{
  "name": "@dungsil/paradox-automatic-translate",
  "lockfileVersion": 3,
  "requires": true,
  "packages": {
    "": {
      "name": "@dungsil/paradox-automatic-translate",
      "devDependencies": {
        "@google/generative-ai": "0.24.1",
        "@iarna/toml": "2.2.5",
        "@libsql/client": "^0.15.4",
        "@types/node": "22.18.6",
        "consola": "3.4.2",
        "db0": "^0.3.2",
        "dotenv": "16.6.1",
        "jiti": "2.4.2",
        "pathe": "2.0.3",
        "typescript": "5.8.3",
        "unstorage": "^1.15.0",
        "xxhash-wasm": "^1.1.0"
      }
    },
    "node_modules/@google/generative-ai": {
      "version": "0.24.1",
      "resolved": "https://registry.npmjs.org/@google/generative-ai/-/generative-ai-0.24.1.tgz",
      "integrity": "sha512-MqO+MLfM6kjxcKoy0p1wRzG3b4ZZXtPI+z2IE26UogS2Cm/XHO+7gGRBh6gcJsOiIVoH93UwKvW4HdgiOZCy9Q==",
      "dev": true,
      "license": "Apache-2.0",
      "engines": {
        "node": ">=18.0.0"
      }
    },
    "node_modules/@iarna/toml": {
      "version": "2.2.5",
      "resolved": "https://registry.npmjs.org/@iarna/toml/-/toml-2.2.5.tgz",
      "integrity": "sha512-trnsAYxU3xnS1gPHPyU961coFyLkh4gAD/0zQ5mymY4yOZ+CYvsPqUbOFSw0aDM4y0tV7tiFxL/1XfXPNC6IPg==",
      "dev": true,
      "license": "ISC"
    },
    "node_modules/@libsql/client": {
      "version": "0.15.15",
      "resolved": "https://registry.npmjs.org/@libsql/client/-/client-0.15.15.tgz",
      "integrity": "sha512-twC0hQxPNHPKfeOv3sNT6u2pturQjLcI+CnpTM0SjRpocEGgfiZ7DWKXLNnsothjyJmDqEsBQJ5ztq9Wlu470w==",
      "dev": true,
      "license": "MIT",
      "peer": true,
      "dependencies": {
        "@libsql/core": "^0.15.14",
        "@libsql/hrana-client": "^0.7.0",
        "js-base64": "^3.7.5",
        "libsql": "^0.5.22",
        "promise-limit": "^2.7.0"
      }
    },
    "node_modules/@libsql/core": {
      "version": "0.15.15",
      "resolved": "https://registry.npmjs.org/@libsql/core/-/core-0.15.15.tgz",
      "integrity": "sha512-C88Z6UKl+OyuKKPwz224riz02ih/zHYI3Ho/LAcVOgjsunIRZoBw7fjRfaH9oPMmSNeQfhGklSG2il1URoOIsA==",
      "dev": true,
      "license": "MIT",
      "dependencies": {
        "js-base64": "^3.7.5"
      }
    },
    "node_modules/@libsql/darwin-arm64": {
      "version": "0.5.22",
      "resolved": "https://registry.npmjs.org/@libsql/darwin-arm64/-/darwin-arm64-0.5.22.tgz",
      "integrity": "sha512-4B8ZlX3nIDPndfct7GNe0nI3Yw6ibocEicWdC4fvQbSs/jdq/RC2oCsoJxJ4NzXkvktX70C1J4FcmmoBy069UA==",
      "cpu": [
        "arm64"
      ],
      "dev": true,
      "license": "MIT",
      "optional": true,
      "os": [
        "darwin"
      ]
    },
    "node_modules/@libsql/darwin-x64": {
      "version": "0.5.22",
      "resolved": "https://registry.npmjs.org/@libsql/darwin-x64/-/darwin-x64-0.5.22.tgz",
      "integrity": "sha512-ny2HYWt6lFSIdNFzUFIJ04uiW6finXfMNJ7wypkAD8Pqdm6nAByO+Fdqu8t7sD0sqJGeUCiOg480icjyQ2/8VA==",
      "cpu": [
        "x64"
      ],
      "dev": true,
      "license": "MIT",
      "optional": true,
      "os": [
        "darwin"
      ]
    },
    "node_modules/@libsql/hrana-client": {
      "version": "0.7.0",
      "resolved": "https://registry.npmjs.org/@libsql/hrana-client/-/hrana-client-0.7.0.tgz",
      "integrity": "sha512-OF8fFQSkbL7vJY9rfuegK1R7sPgQ6kFMkDamiEccNUvieQ+3urzfDFI616oPl8V7T9zRmnTkSjMOImYCAVRVuw==",
      "dev": true,
      "license": "MIT",
      "dependencies": {
        "@libsql/isomorphic-fetch": "^0.3.1",
        "@libsql/isomorphic-ws": "^0.1.5",
        "js-base64": "^3.7.5",
        "node-fetch": "^3.3.2"
      }
    },
    "node_modules/@libsql/isomorphic-fetch": {
      "version": "0.3.1",
      "resolved": "https://registry.npmjs.org/@libsql/isomorphic-fetch/-/isomorphic-fetch-0.3.1.tgz",
      "integrity": "sha512-6kK3SUK5Uu56zPq/Las620n5aS9xJq+jMBcNSOmjhNf/MUvdyji4vrMTqD7ptY7/4/CAVEAYDeotUz60LNQHtw==",
      "dev": true,
      "license": "MIT",
      "engines": {
        "node": ">=18.0.0"
      }
    },
    "node_modules/@libsql/isomorphic-ws": {
      "version": "0.1.5",
      "resolved": "https://registry.npmjs.org/@libsql/isomorphic-ws/-/isomorphic-ws-0.1.5.tgz",
      "integrity": "sha512-DtLWIH29onUYR00i0GlQ3UdcTRC6EP4u9w/h9LxpUZJWRMARk6dQwZ6Jkd+QdwVpuAOrdxt18v0K2uIYR3fwFg==",
      "dev": true,
      "license": "MIT",
      "dependencies": {
        "@types/ws": "^8.5.4",
        "ws": "^8.13.0"
      }
    },
    "node_modules/@libsql/linux-arm-gnueabihf": {
      "version": "0.5.22",
      "resolved": "https://registry.npmjs.org/@libsql/linux-arm-gnueabihf/-/linux-arm-gnueabihf-0.5.22.tgz",
      "integrity": "sha512-3Uo3SoDPJe/zBnyZKosziRGtszXaEtv57raWrZIahtQDsjxBVjuzYQinCm9LRCJCUT5t2r5Z5nLDPJi2CwZVoA==",
      "cpu": [
        "arm"
      ],
      "dev": true,
      "license": "MIT",
      "optional": true,
      "os": [
        "linux"
      ]
    },
    "node_modules/@libsql/linux-arm-musleabihf": {
      "version": "0.5.22",
      "resolved": "https://registry.npmjs.org/@libsql/linux-arm-musleabihf/-/linux-arm-musleabihf-0.5.22.tgz",
      "integrity": "sha512-LCsXh07jvSojTNJptT9CowOzwITznD+YFGGW+1XxUr7fS+7/ydUrpDfsMX7UqTqjm7xG17eq86VkWJgHJfvpNg==",
      "cpu": [
        "arm"
      ],
      "dev": true,
      "license": "MIT",
      "optional": true,
      "os": [
        "linux"
      ]
    },
    "node_modules/@libsql/linux-arm64-gnu": {
      "version": "0.5.22",
      "resolved": "https://registry.npmjs.org/@libsql/linux-arm64-gnu/-/linux-arm64-gnu-0.5.22.tgz",
      "integrity": "sha512-KSdnOMy88c9mpOFKUEzPskSaF3VLflfSUCBwas/pn1/sV3pEhtMF6H8VUCd2rsedwoukeeCSEONqX7LLnQwRMA==",
      "cpu": [
        "arm64"
      ],
      "dev": true,
      "license": "MIT",
      "optional": true,
      "os": [
        "linux"
      ]
    },
    "node_modules/@libsql/linux-arm64-musl": {
      "version": "0.5.22",
      "resolved": "https://registry.npmjs.org/@libsql/linux-arm64-musl/-/linux-arm64-musl-0.5.22.tgz",
      "integrity": "sha512-mCHSMAsDTLK5YH//lcV3eFEgiR23Ym0U9oEvgZA0667gqRZg/2px+7LshDvErEKv2XZ8ixzw3p1IrBzLQHGSsw==",
      "cpu": [
        "arm64"
      ],
      "dev": true,
      "license": "MIT",
      "optional": true,
      "os": [
        "linux"
      ]
    },
    "node_modules/@libsql/linux-x64-gnu": {
      "version": "0.5.22",
      "resolved": "https://registry.npmjs.org/@libsql/linux-x64-gnu/-/linux-x64-gnu-0.5.22.tgz",
      "integrity": "sha512-kNBHaIkSg78Y4BqAdgjcR2mBilZXs4HYkAmi58J+4GRwDQZh5fIUWbnQvB9f95DkWUIGVeenqLRFY2pcTmlsew==",
      "cpu": [
        "x64"
      ],
      "dev": true,
      "license": "MIT",
      "optional": true,
      "os": [
        "linux"
      ]
    },
    "node_modules/@libsql/linux-x64-musl": {
      "version": "0.5.22",
      "resolved": "https://registry.npmjs.org/@libsql/linux-x64-musl/-/linux-x64-musl-0.5.22.tgz",
      "integrity": "sha512-UZ4Xdxm4pu3pQXjvfJiyCzZop/9j/eA2JjmhMaAhe3EVLH2g11Fy4fwyUp9sT1QJYR1kpc2JLuybPM0kuXv/Tg==",
      "cpu": [
        "x64"
      ],
      "dev": true,
      "license": "MIT",
      "optional": true,
      "os": [
        "linux"
      ]
    },
    "node_modules/@libsql/win32-x64-msvc": {
      "version": "0.5.22",
      "resolved": "https://registry.npmjs.org/@libsql/win32-x64-msvc/-/win32-x64-msvc-0.5.22.tgz",
      "integrity": "sha512-Fj0j8RnBpo43tVZUVoNK6BV/9AtDUM5S7DF3LB4qTYg1LMSZqi3yeCneUTLJD6XomQJlZzbI4mst89yspVSAnA==",
      "cpu": [
        "x64"
      ],
      "dev": true,
      "license": "MIT",
      "optional": true,
      "os": [
        "win32"
      ]
    },
    "node_modules/@neon-rs/load": {
      "version": "0.0.4",
      "resolved": "https://registry.npmjs.org/@neon-rs/load/-/load-0.0.4.tgz",
      "integrity": "sha512-kTPhdZyTQxB+2wpiRcFWrDcejc4JI6tkPuS7UZCG4l6Zvc5kU/gGQ/ozvHTh1XR5tS+UlfAfGuPajjzQjCiHCw==",
      "dev": true,
      "license": "MIT"
    },
    "node_modules/@types/node": {
      "version": "22.18.6",
      "resolved": "https://registry.npmjs.org/@types/node/-/node-22.18.6.tgz",
      "integrity": "sha512-r8uszLPpeIWbNKtvWRt/DbVi5zbqZyj1PTmhRMqBMvDnaz1QpmSKujUtJLrqGZeoM8v72MfYggDceY4K1itzWQ==",
      "dev": true,
      "license": "MIT",
      "dependencies": {
        "undici-types": "~6.21.0"
      }
    },
    "node_modules/@types/ws": {
      "version": "8.18.1",
      "resolved": "https://registry.npmjs.org/@types/ws/-/ws-8.18.1.tgz",
      "integrity": "sha512-ThVF6DCVhA8kUGy+aazFQ4kXQ7E1Ty7A3ypFOe0IcJV8O/M511G99AW24irKrW56Wt44yG9+ij8FaqoBGkuBXg==",
      "dev": true,
      "license": "MIT",
      "dependencies": {
        "@types/node": "*"
      }
    },
    "node_modules/anymatch": {
      "version": "3.1.3",
      "resolved": "https://registry.npmjs.org/anymatch/-/anymatch-3.1.3.tgz",
      "integrity": "sha512-KMReFUr0B4t+D+OBkjR3KYqvocp2XaSzO55UcB6mgQMd3KbcE+mWTyvVV7D/zsdEbNnV6acZUutkiHQXvTr1Rw==",
      "dev": true,
      "license": "ISC",
      "dependencies": {
        "normalize-path": "^3.0.0",
        "picomatch": "^2.0.4"
      },
      "engines": {
        "node": ">= 8"
      }
    },
    "node_modules/chokidar": {
      "version": "4.0.3",
      "resolved": "https://registry.npmjs.org/chokidar/-/chokidar-4.0.3.tgz",
      "integrity": "sha512-Qgzu8kfBvo+cA4962jnP1KkS6Dop5NS6g7R5LFYJr4b8Ub94PPQXUksCw9PvXoeXPRRddRNC5C1JQUR2SMGtnA==",
      "dev": true,
      "license": "MIT",
      "dependencies": {
        "readdirp": "^4.0.1"
      },
      "engines": {
        "node": ">= 14.16.0"
      },
      "funding": {
        "url": "https://paulmillr.com/funding/"
      }
    },
    "node_modules/consola": {
      "version": "3.4.2",
      "resolved": "https://registry.npmjs.org/consola/-/consola-3.4.2.tgz",
      "integrity": "sha512-5IKcdX0nnYavi6G7TtOhwkYzyjfJlatbjMjuLSfE2kYT5pMDOilZ4OvMhi637CcDICTmz3wARPoyhqyX1Y+XvA==",
      "dev": true,
      "license": "MIT",
      "engines": {
        "node": "^14.18.0 || >=16.10.0"
      }
    },
    "node_modules/cookie-es": {
      "version": "1.2.2",
      "resolved": "https://registry.npmjs.org/cookie-es/-/cookie-es-1.2.2.tgz",
      "integrity": "sha512-+W7VmiVINB+ywl1HGXJXmrqkOhpKrIiVZV6tQuV54ZyQC7MMuBt81Vc336GMLoHBq5hV/F9eXgt5Mnx0Rha5Fg==",
      "dev": true,
      "license": "MIT"
    },
    "node_modules/crossws": {
      "version": "0.3.5",
      "resolved": "https://registry.npmjs.org/crossws/-/crossws-0.3.5.tgz",
      "integrity": "sha512-ojKiDvcmByhwa8YYqbQI/hg7MEU0NC03+pSdEq4ZUnZR9xXpwk7E43SMNGkn+JxJGPFtNvQ48+vV2p+P1ml5PA==",
      "dev": true,
      "license": "MIT",
      "dependencies": {
        "uncrypto": "^0.1.3"
      }
    },
    "node_modules/data-uri-to-buffer": {
      "version": "4.0.1",
      "resolved": "https://registry.npmjs.org/data-uri-to-buffer/-/data-uri-to-buffer-4.0.1.tgz",
      "integrity": "sha512-0R9ikRb668HB7QDxT1vkpuUBtqc53YyAwMwGeUFKRojY/NWKvdZ+9UYtRfGmhqNbRkTSVpMbmyhXipFFv2cb/A==",
      "dev": true,
      "license": "MIT",
      "engines": {
        "node": ">= 12"
      }
    },
    "node_modules/db0": {
      "version": "0.3.4",
      "resolved": "https://registry.npmjs.org/db0/-/db0-0.3.4.tgz",
      "integrity": "sha512-RiXXi4WaNzPTHEOu8UPQKMooIbqOEyqA1t7Z6MsdxSCeb8iUC9ko3LcmsLmeUt2SM5bctfArZKkRQggKZz7JNw==",
      "dev": true,
      "license": "MIT",
      "peer": true,
      "peerDependencies": {
        "@electric-sql/pglite": "*",
        "@libsql/client": "*",
        "better-sqlite3": "*",
        "drizzle-orm": "*",
        "mysql2": "*",
        "sqlite3": "*"
      },
      "peerDependenciesMeta": {
        "@electric-sql/pglite": {
          "optional": true
        },
        "@libsql/client": {
          "optional": true
        },
        "better-sqlite3": {
          "optional": true
        },
        "drizzle-orm": {
          "optional": true
        },
        "mysql2": {
          "optional": true
        },
        "sqlite3": {
          "optional": true
        }
      }
    },
    "node_modules/defu": {
      "version": "6.1.4",
      "resolved": "https://registry.npmjs.org/defu/-/defu-6.1.4.tgz",
      "integrity": "sha512-mEQCMmwJu317oSz8CwdIOdwf3xMif1ttiM8LTufzc3g6kR+9Pe236twL8j3IYT1F7GfRgGcW6MWxzZjLIkuHIg==",
      "dev": true,
      "license": "MIT"
    },
    "node_modules/destr": {
      "version": "2.0.5",
      "resolved": "https://registry.npmjs.org/destr/-/destr-2.0.5.tgz",
      "integrity": "sha512-ugFTXCtDZunbzasqBxrK93Ik/DRYsO6S/fedkWEMKqt04xZ4csmnmwGDBAb07QWNaGMAmnTIemsYZCksjATwsA==",
      "dev": true,
      "license": "MIT"
    },
    "node_modules/detect-libc": {
      "version": "2.0.2",
      "resolved": "https://registry.npmjs.org/detect-libc/-/detect-libc-2.0.2.tgz",
      "integrity": "sha512-UX6sGumvvqSaXgdKGUsgZWqcUyIXZ/vZTrlRT/iobiKhGL0zL4d3osHj3uqllWJK+i+sixDS/3COVEOFbupFyw==",
      "dev": true,
      "license": "Apache-2.0",
      "engines": {
        "node": ">=8"
      }
    },
    "node_modules/dotenv": {
      "version": "16.6.1",
      "resolved": "https://registry.npmjs.org/dotenv/-/dotenv-16.6.1.tgz",
      "integrity": "sha512-uBq4egWHTcTt33a72vpSG0z3HnPuIl6NqYcTrKEg2azoEyl2hpW0zqlxysq2pK9HlDIHyHyakeYaYnSAwd8bow==",
      "dev": true,
      "license": "BSD-2-Clause",
      "engines": {
        "node": ">=12"
      },
      "funding": {
        "url": "https://dotenvx.com"
      }
    },
    "node_modules/fetch-blob": {
      "version": "3.2.0",
      "resolved": "https://registry.npmjs.org/fetch-blob/-/fetch-blob-3.2.0.tgz",
      "integrity": "sha512-7yAQpD2UMJzLi1Dqv7qFYnPbaPx7ZfFK6PiIxQ4PfkGPyNyl2Ugx+a/umUonmKqjhM4DnfbMvdX6otXq83soQQ==",
      "dev": true,
      "funding": [
        {
          "type": "github",
          "url": "https://github.com/sponsors/jimmywarting"
        },
        {
          "type": "paypal",
          "url": "https://paypal.me/jimmywarting"
        }
      ],
      "license": "MIT",
      "dependencies": {
        "node-domexception": "^1.0.0",
        "web-streams-polyfill": "^3.0.3"
      },
      "engines": {
        "node": "^12.20 || >= 14.13"
      }
    },
    "node_modules/formdata-polyfill": {
      "version": "4.0.10",
      "resolved": "https://registry.npmjs.org/formdata-polyfill/-/formdata-polyfill-4.0.10.tgz",
      "integrity": "sha512-buewHzMvYL29jdeQTVILecSaZKnt/RJWjoZCF5OW60Z67/GmSLBkOFM7qh1PI3zFNtJbaZL5eQu1vLfazOwj4g==",
      "dev": true,
      "license": "MIT",
      "dependencies": {
        "fetch-blob": "^3.1.2"
      },
      "engines": {
        "node": ">=12.20.0"
      }
    },
    "node_modules/h3": {
      "version": "1.15.4",
      "resolved": "https://registry.npmjs.org/h3/-/h3-1.15.4.tgz",
      "integrity": "sha512-z5cFQWDffyOe4vQ9xIqNfCZdV4p//vy6fBnr8Q1AWnVZ0teurKMG66rLj++TKwKPUP3u7iMUvrvKaEUiQw2QWQ==",
      "dev": true,
      "license": "MIT",
      "dependencies": {
        "cookie-es": "^1.2.2",
        "crossws": "^0.3.5",
        "defu": "^6.1.4",
        "destr": "^2.0.5",
        "iron-webcrypto": "^1.2.1",
        "node-mock-http": "^1.0.2",
        "radix3": "^1.1.2",
        "ufo": "^1.6.1",
        "uncrypto": "^0.1.3"
      }
    },
    "node_modules/iron-webcrypto": {
      "version": "1.2.1",
      "resolved": "https://registry.npmjs.org/iron-webcrypto/-/iron-webcrypto-1.2.1.tgz",
      "integrity": "sha512-feOM6FaSr6rEABp/eDfVseKyTMDt+KGpeB35SkVn9Tyn0CqvVsY3EwI0v5i8nMHyJnzCIQf7nsy3p41TPkJZhg==",
      "dev": true,
      "license": "MIT",
      "funding": {
        "url": "https://github.com/sponsors/brc-dd"
      }
    },
    "node_modules/jiti": {
      "version": "2.4.2",
      "resolved": "https://registry.npmjs.org/jiti/-/jiti-2.4.2.tgz",
      "integrity": "sha512-rg9zJN+G4n2nfJl5MW3BMygZX56zKPNVEYYqq7adpmMh4Jn2QNEwhvQlFy6jPVdcod7txZtKHWnyZiA3a0zP7A==",
      "dev": true,
      "license": "MIT",
      "bin": {
        "jiti": "lib/jiti-cli.mjs"
      }
    },
    "node_modules/js-base64": {
      "version": "3.7.8",
      "resolved": "https://registry.npmjs.org/js-base64/-/js-base64-3.7.8.tgz",
      "integrity": "sha512-hNngCeKxIUQiEUN3GPJOkz4wF/YvdUdbNL9hsBcMQTkKzboD7T/q3OYOuuPZLUE6dBxSGpwhk5mwuDud7JVAow==",
      "dev": true,
      "license": "BSD-3-Clause"
    },
    "node_modules/libsql": {
      "version": "0.5.22",
      "resolved": "https://registry.npmjs.org/libsql/-/libsql-0.5.22.tgz",
      "integrity": "sha512-NscWthMQt7fpU8lqd7LXMvT9pi+KhhmTHAJWUB/Lj6MWa0MKFv0F2V4C6WKKpjCVZl0VwcDz4nOI3CyaT1DDiA==",
      "cpu": [
        "x64",
        "arm64",
        "wasm32",
        "arm"
      ],
      "dev": true,
      "license": "MIT",
      "os": [
        "darwin",
        "linux",
        "win32"
      ],
      "dependencies": {
        "@neon-rs/load": "^0.0.4",
        "detect-libc": "2.0.2"
      },
      "optionalDependencies": {
        "@libsql/darwin-arm64": "0.5.22",
        "@libsql/darwin-x64": "0.5.22",
        "@libsql/linux-arm-gnueabihf": "0.5.22",
        "@libsql/linux-arm-musleabihf": "0.5.22",
        "@libsql/linux-arm64-gnu": "0.5.22",
        "@libsql/linux-arm64-musl": "0.5.22",
        "@libsql/linux-x64-gnu": "0.5.22",
        "@libsql/linux-x64-musl": "0.5.22",
        "@libsql/win32-x64-msvc": "0.5.22"
      }
    },
    "node_modules/lru-cache": {
      "version": "10.4.3",
      "resolved": "https://registry.npmjs.org/lru-cache/-/lru-cache-10.4.3.tgz",
      "integrity": "sha512-JNAzZcXrCt42VGLuYz0zfAzDfAvJWW6AfYlDBQyDV5DClI2m5sAmK+OIO7s59XfsRsWHp02jAJrRadPRGTt6SQ==",
      "dev": true,
      "license": "ISC"
    },
    "node_modules/node-domexception": {
      "version": "1.0.0",
      "resolved": "https://registry.npmjs.org/node-domexception/-/node-domexception-1.0.0.tgz",
      "integrity": "sha512-/jKZoMpw0F8GRwl4/eLROPA3cfcXtLApP0QzLmUT/HuPCZWyB7IY9ZrMeKw2O/nFIqPQB3PVM9aYm0F312AXDQ==",
      "deprecated": "Use your platform's native DOMException instead",
      "dev": true,
      "funding": [
        {
          "type": "github",
          "url": "https://github.com/sponsors/jimmywarting"
        },
        {
          "type": "github",
          "url": "https://paypal.me/jimmywarting"
        }
      ],
      "license": "MIT",
      "engines": {
        "node": ">=10.5.0"
      }
    },
    "node_modules/node-fetch": {
      "version": "3.3.2",
      "resolved": "https://registry.npmjs.org/node-fetch/-/node-fetch-3.3.2.tgz",
      "integrity": "sha512-dRB78srN/l6gqWulah9SrxeYnxeddIG30+GOqK/9OlLVyLg3HPnr6SqOWTWOXKRwC2eGYCkZ59NNuSgvSrpgOA==",
      "dev": true,
      "license": "MIT",
      "dependencies": {
        "data-uri-to-buffer": "^4.0.0",
        "fetch-blob": "^3.1.4",
        "formdata-polyfill": "^4.0.10"
      },
      "engines": {
        "node": "^12.20.0 || ^14.13.1 || >=16.0.0"
      },
      "funding": {
        "type": "opencollective",
        "url": "https://opencollective.com/node-fetch"
      }
    },
    "node_modules/node-fetch-native": {
      "version": "1.6.7",
      "resolved": "https://registry.npmjs.org/node-fetch-native/-/node-fetch-native-1.6.7.tgz",
      "integrity": "sha512-g9yhqoedzIUm0nTnTqAQvueMPVOuIY16bqgAJJC8XOOubYFNwz6IER9qs0Gq2Xd0+CecCKFjtdDTMA4u4xG06Q==",
      "dev": true,
      "license": "MIT"
    },
    "node_modules/node-mock-http": {
      "version": "1.0.3",
      "resolved": "https://registry.npmjs.org/node-mock-http/-/node-mock-http-1.0.3.tgz",
      "integrity": "sha512-jN8dK25fsfnMrVsEhluUTPkBFY+6ybu7jSB1n+ri/vOGjJxU8J9CZhpSGkHXSkFjtUhbmoncG/YG9ta5Ludqog==",
      "dev": true,
      "license": "MIT"
    },
    "node_modules/normalize-path": {
      "version": "3.0.0",
      "resolved": "https://registry.npmjs.org/normalize-path/-/normalize-path-3.0.0.tgz",
      "integrity": "sha512-6eZs5Ls3WtCisHWp9S2GUy8dqkpGi4BVSz3GaqiE6ezub0512ESztXUwUB6C6IKbQkY2Pnb/mD4WYojCRwcwLA==",
      "dev": true,
      "license": "MIT",
      "engines": {
        "node": ">=0.10.0"
      }
    },
    "node_modules/ofetch": {
      "version": "1.4.1",
      "resolved": "https://registry.npmjs.org/ofetch/-/ofetch-1.4.1.tgz",
      "integrity": "sha512-QZj2DfGplQAr2oj9KzceK9Hwz6Whxazmn85yYeVuS3u9XTMOGMRx0kO95MQ+vLsj/S/NwBDMMLU5hpxvI6Tklw==",
      "dev": true,
      "license": "MIT",
      "dependencies": {
        "destr": "^2.0.3",
        "node-fetch-native": "^1.6.4",
        "ufo": "^1.5.4"
      }
    },
    "node_modules/pathe": {
      "version": "2.0.3",
      "resolved": "https://registry.npmjs.org/pathe/-/pathe-2.0.3.tgz",
      "integrity": "sha512-WUjGcAqP1gQacoQe+OBJsFA7Ld4DyXuUIjZ5cc75cLHvJ7dtNsTugphxIADwspS+AraAUePCKrSVtPLFj/F88w==",
      "dev": true,
      "license": "MIT"
    },
    "node_modules/picomatch": {
      "version": "2.3.1",
      "resolved": "https://registry.npmjs.org/picomatch/-/picomatch-2.3.1.tgz",
      "integrity": "sha512-JU3teHTNjmE2VCGFzuY8EXzCDVwEqB2a8fsIvwaStHhAWJEeVd1o1QD80CU6+ZdEXXSLbSsuLwJjkCBWqRQUVA==",
      "dev": true,
      "license": "MIT",
      "engines": {
        "node": ">=8.6"
      },
      "funding": {
        "url": "https://github.com/sponsors/jonschlinkert"
      }
    },
    "node_modules/promise-limit": {
      "version": "2.7.0",
      "resolved": "https://registry.npmjs.org/promise-limit/-/promise-limit-2.7.0.tgz",
      "integrity": "sha512-7nJ6v5lnJsXwGprnGXga4wx6d1POjvi5Qmf1ivTRxTjH4Z/9Czja/UCMLVmB9N93GeWOU93XaFaEt6jbuoagNw==",
      "dev": true,
      "license": "ISC"
    },
    "node_modules/radix3": {
      "version": "1.1.2",
      "resolved": "https://registry.npmjs.org/radix3/-/radix3-1.1.2.tgz",
      "integrity": "sha512-b484I/7b8rDEdSDKckSSBA8knMpcdsXudlE/LNL639wFoHKwLbEkQFZHWEYwDC0wa0FKUcCY+GAF73Z7wxNVFA==",
      "dev": true,
      "license": "MIT"
    },
    "node_modules/readdirp": {
      "version": "4.1.2",
      "resolved": "https://registry.npmjs.org/readdirp/-/readdirp-4.1.2.tgz",
      "integrity": "sha512-GDhwkLfywWL2s6vEjyhri+eXmfH6j1L7JE27WhqLeYzoh/A3DBaYGEj2H/HFZCn/kMfim73FXxEJTw06WtxQwg==",
      "dev": true,
      "license": "MIT",
      "engines": {
        "node": ">= 14.18.0"
      },
      "funding": {
        "type": "individual",
        "url": "https://paulmillr.com/funding/"
      }
    },
    "node_modules/typescript": {
      "version": "5.8.3",
      "resolved": "https://registry.npmjs.org/typescript/-/typescript-5.8.3.tgz",
      "integrity": "sha512-p1diW6TqL9L07nNxvRMM7hMMw4c5XOo/1ibL4aAIGmSAt9slTE1Xgw5KWuof2uTOvCg9BY7ZRi+GaF+7sfgPeQ==",
      "dev": true,
      "license": "Apache-2.0",
      "bin": {
        "tsc": "bin/tsc",
        "tsserver": "bin/tsserver"
      },
      "engines": {
        "node": ">=14.17"
      }
    },
    "node_modules/ufo": {
      "version": "1.6.1",
      "resolved": "https://registry.npmjs.org/ufo/-/ufo-1.6.1.tgz",
      "integrity": "sha512-9a4/uxlTWJ4+a5i0ooc1rU7C7YOw3wT+UGqdeNNHWnOF9qcMBgLRS+4IYUqbczewFx4mLEig6gawh7X6mFlEkA==",
      "dev": true,
      "license": "MIT"
    },
    "node_modules/uncrypto": {
      "version": "0.1.3",
      "resolved": "https://registry.npmjs.org/uncrypto/-/uncrypto-0.1.3.tgz",
      "integrity": "sha512-Ql87qFHB3s/De2ClA9e0gsnS6zXG27SkTiSJwjCc9MebbfapQfuPzumMIUMi38ezPZVNFcHI9sUIepeQfw8J8Q==",
      "dev": true,
      "license": "MIT"
    },
    "node_modules/undici-types": {
      "version": "6.21.0",
      "resolved": "https://registry.npmjs.org/undici-types/-/undici-types-6.21.0.tgz",
      "integrity": "sha512-iwDZqg0QAGrg9Rav5H4n0M64c3mkR59cJ6wQp+7C4nI0gsmExaedaYLNO44eT4AtBBwjbTiGPMlt2Md0T9H9JQ==",
      "dev": true,
      "license": "MIT"
    },
    "node_modules/unstorage": {
      "version": "1.17.1",
      "resolved": "https://registry.npmjs.org/unstorage/-/unstorage-1.17.1.tgz",
      "integrity": "sha512-KKGwRTT0iVBCErKemkJCLs7JdxNVfqTPc/85ae1XES0+bsHbc/sFBfVi5kJp156cc51BHinIH2l3k0EZ24vOBQ==",
      "dev": true,
      "license": "MIT",
      "dependencies": {
        "anymatch": "^3.1.3",
        "chokidar": "^4.0.3",
        "destr": "^2.0.5",
        "h3": "^1.15.4",
        "lru-cache": "^10.4.3",
        "node-fetch-native": "^1.6.7",
        "ofetch": "^1.4.1",
        "ufo": "^1.6.1"
      },
      "peerDependencies": {
        "@azure/app-configuration": "^1.8.0",
        "@azure/cosmos": "^4.2.0",
        "@azure/data-tables": "^13.3.0",
        "@azure/identity": "^4.6.0",
        "@azure/keyvault-secrets": "^4.9.0",
        "@azure/storage-blob": "^12.26.0",
        "@capacitor/preferences": "^6.0.3 || ^7.0.0",
        "@deno/kv": ">=0.9.0",
        "@netlify/blobs": "^6.5.0 || ^7.0.0 || ^8.1.0 || ^9.0.0 || ^10.0.0",
        "@planetscale/database": "^1.19.0",
        "@upstash/redis": "^1.34.3",
        "@vercel/blob": ">=0.27.1",
        "@vercel/functions": "^2.2.12 || ^3.0.0",
        "@vercel/kv": "^1.0.1",
        "aws4fetch": "^1.0.20",
        "db0": ">=0.2.1",
        "idb-keyval": "^6.2.1",
        "ioredis": "^5.4.2",
        "uploadthing": "^7.4.4"
      },
      "peerDependenciesMeta": {
        "@azure/app-configuration": {
          "optional": true
        },
        "@azure/cosmos": {
          "optional": true
        },
        "@azure/data-tables": {
          "optional": true
        },
        "@azure/identity": {
          "optional": true
        },
        "@azure/keyvault-secrets": {
          "optional": true
        },
        "@azure/storage-blob": {
          "optional": true
        },
        "@capacitor/preferences": {
          "optional": true
        },
        "@deno/kv": {
          "optional": true
        },
        "@netlify/blobs": {
          "optional": true
        },
        "@planetscale/database": {
          "optional": true
        },
        "@upstash/redis": {
          "optional": true
        },
        "@vercel/blob": {
          "optional": true
        },
        "@vercel/functions": {
          "optional": true
        },
        "@vercel/kv": {
          "optional": true
        },
        "aws4fetch": {
          "optional": true
        },
        "db0": {
          "optional": true
        },
        "idb-keyval": {
          "optional": true
        },
        "ioredis": {
          "optional": true
        },
        "uploadthing": {
          "optional": true
        }
      }
    },
    "node_modules/web-streams-polyfill": {
      "version": "3.3.3",
      "resolved": "https://registry.npmjs.org/web-streams-polyfill/-/web-streams-polyfill-3.3.3.tgz",
      "integrity": "sha512-d2JWLCivmZYTSIoge9MsgFCZrt571BikcWGYkjC1khllbTeDlGqZ2D8vD8E/lJa8WGWbb7Plm8/XJYV7IJHZZw==",
      "dev": true,
      "license": "MIT",
      "engines": {
        "node": ">= 8"
      }
    },
    "node_modules/ws": {
      "version": "8.18.3",
      "resolved": "https://registry.npmjs.org/ws/-/ws-8.18.3.tgz",
      "integrity": "sha512-PEIGCY5tSlUt50cqyMXfCzX+oOPqN0vuGqWzbcJ2xvnkzkq46oOpz7dQaTDBdfICb4N14+GARUDw2XV2N4tvzg==",
      "dev": true,
      "license": "MIT",
      "engines": {
        "node": ">=10.0.0"
      },
      "peerDependencies": {
        "bufferutil": "^4.0.1",
        "utf-8-validate": ">=5.0.2"
      },
      "peerDependenciesMeta": {
        "bufferutil": {
          "optional": true
        },
        "utf-8-validate": {
          "optional": true
        }
      }
    },
    "node_modules/xxhash-wasm": {
      "version": "1.1.0",
      "resolved": "https://registry.npmjs.org/xxhash-wasm/-/xxhash-wasm-1.1.0.tgz",
      "integrity": "sha512-147y/6YNh+tlp6nd/2pWq38i9h6mz/EuQ6njIrmW8D1BS5nCqs0P6DG+m6zTGnNz5I+uhZ0SHxBs9BsPrwcKDA==",
      "dev": true,
      "license": "MIT"
    }
  }
}
