lockfileVersion: '9.0'

settings:
  autoInstallPeers: true
  excludeLinksFromLockfile: false

importers:

  .:
    devDependencies:
      '@google/generative-ai':
        specifier: 0.24.1
        version: 0.24.1
      '@iarna/toml':
        specifier: 2.2.5
        version: 2.2.5
      '@libsql/client':
        specifier: ^0.15.4
        version: 0.15.9
      '@types/node':
        specifier: 22.15.31
        version: 22.15.31
      consola:
        specifier: 3.4.2
        version: 3.4.2
      db0:
        specifier: ^0.3.2
        version: 0.3.2(@libsql/client@0.15.9)
      dotenv:
        specifier: 16.6.1
        version: 16.6.1
      jiti:
        specifier: 2.4.2
        version: 2.4.2
      pathe:
        specifier: 2.0.3
        version: 2.0.3
      typescript:
        specifier: 5.8.3
        version: 5.8.3
      unstorage:
        specifier: ^1.15.0
        version: 1.16.0(db0@0.3.2(@libsql/client@0.15.9))
      xxhash-wasm:
        specifier: ^1.1.0
        version: 1.1.0

packages:

  '@google/generative-ai@0.24.1':
    resolution: {integrity: sha512-MqO+MLfM6kjxcKoy0p1wRzG3b4ZZXtPI+z2IE26UogS2Cm/XHO+7gGRBh6gcJsOiIVoH93UwKvW4HdgiOZCy9Q==}
    engines: {node: '>=18.0.0'}

  '@iarna/toml@2.2.5':
    resolution: {integrity: sha512-trnsAYxU3xnS1gPHPyU961coFyLkh4gAD/0zQ5mymY4yOZ+CYvsPqUbOFSw0aDM4y0tV7tiFxL/1XfXPNC6IPg==}

  '@libsql/client@0.15.9':
    resolution: {integrity: sha512-VT3do0a0vwYVaNcp/y05ikkKS3OrFR5UeEf5SUuYZVgKVl1Nc1k9ajoYSsOid8AD/vlhLDB5yFQaV4HmT/OB9w==}

  '@libsql/core@0.15.9':
    resolution: {integrity: sha512-4OVdeAmuaCUq5hYT8NNn0nxlO9AcA/eTjXfUZ+QK8MT3Dz7Z76m73x7KxjU6I64WyXX98dauVH2b9XM+d84npw==}

  '@libsql/darwin-arm64@0.5.13':
    resolution: {integrity: sha512-ASz/EAMLDLx3oq9PVvZ4zBXXHbz2TxtxUwX2xpTRFR4V4uSHAN07+jpLu3aK5HUBLuv58z7+GjaL5w/cyjR28Q==}
    cpu: [arm64]
    os: [darwin]

  '@libsql/darwin-x64@0.5.13':
    resolution: {integrity: sha512-kzglniv1difkq8opusSXM7u9H0WoEPeKxw0ixIfcGfvlCVMJ+t9UNtXmyNHW68ljdllje6a4C6c94iPmIYafYA==}
    cpu: [x64]
    os: [darwin]

  '@libsql/hrana-client@0.7.0':
    resolution: {integrity: sha512-OF8fFQSkbL7vJY9rfuegK1R7sPgQ6kFMkDamiEccNUvieQ+3urzfDFI616oPl8V7T9zRmnTkSjMOImYCAVRVuw==}

  '@libsql/isomorphic-fetch@0.3.1':
    resolution: {integrity: sha512-6kK3SUK5Uu56zPq/Las620n5aS9xJq+jMBcNSOmjhNf/MUvdyji4vrMTqD7ptY7/4/CAVEAYDeotUz60LNQHtw==}
    engines: {node: '>=18.0.0'}

  '@libsql/isomorphic-ws@0.1.5':
    resolution: {integrity: sha512-DtLWIH29onUYR00i0GlQ3UdcTRC6EP4u9w/h9LxpUZJWRMARk6dQwZ6Jkd+QdwVpuAOrdxt18v0K2uIYR3fwFg==}

  '@libsql/linux-arm-gnueabihf@0.5.13':
    resolution: {integrity: sha512-UEW+VZN2r0mFkfztKOS7cqfS8IemuekbjUXbXCwULHtusww2QNCXvM5KU9eJCNE419SZCb0qaEWYytcfka8qeA==}
    cpu: [arm]
    os: [linux]

  '@libsql/linux-arm-musleabihf@0.5.13':
    resolution: {integrity: sha512-NMDgLqryYBv4Sr3WoO/m++XDjR5KLlw9r/JK4Ym6A1XBv2bxQQNhH0Lxx3bjLW8qqhBD4+0xfms4d2cOlexPyA==}
    cpu: [arm]
    os: [linux]

  '@libsql/linux-arm64-gnu@0.5.13':
    resolution: {integrity: sha512-/wCxVdrwl1ee6D6LEjwl+w4SxuLm5UL9Kb1LD5n0bBGs0q+49ChdPPh7tp175iRgkcrTgl23emymvt1yj3KxVQ==}
    cpu: [arm64]
    os: [linux]

  '@libsql/linux-arm64-musl@0.5.13':
    resolution: {integrity: sha512-xnVAbZIanUgX57XqeI5sNaDnVilp0Di5syCLSEo+bRyBobe/1IAeehNZpyVbCy91U2N6rH1C/mZU7jicVI9x+A==}
    cpu: [arm64]
    os: [linux]

  '@libsql/linux-x64-gnu@0.5.13':
    resolution: {integrity: sha512-/mfMRxcQAI9f8t7tU3QZyh25lXgXKzgin9B9TOSnchD73PWtsVhlyfA6qOCfjQl5kr4sHscdXD5Yb3KIoUgrpQ==}
    cpu: [x64]
    os: [linux]

  '@libsql/linux-x64-musl@0.5.13':
    resolution: {integrity: sha512-rdefPTpQCVwUjIQYbDLMv3qpd5MdrT0IeD0UZPGqhT9AWU8nJSQoj2lfyIDAWEz7PPOVCY4jHuEn7FS2sw9kRA==}
    cpu: [x64]
    os: [linux]

  '@libsql/win32-x64-msvc@0.5.13':
    resolution: {integrity: sha512-aNcmDrD1Ws+dNZIv9ECbxBQumqB9MlSVEykwfXJpqv/593nABb8Ttg5nAGUPtnADyaGDTrGvPPP81d/KsKho4Q==}
    cpu: [x64]
    os: [win32]

  '@neon-rs/load@0.0.4':
    resolution: {integrity: sha512-kTPhdZyTQxB+2wpiRcFWrDcejc4JI6tkPuS7UZCG4l6Zvc5kU/gGQ/ozvHTh1XR5tS+UlfAfGuPajjzQjCiHCw==}

  '@types/node@22.15.31':
    resolution: {integrity: sha512-jnVe5ULKl6tijxUhvQeNbQG/84fHfg+yMak02cT8QVhBx/F05rAVxCGBYYTh2EKz22D6JF5ktXuNwdx7b9iEGw==}

  '@types/ws@8.18.1':
    resolution: {integrity: sha512-ThVF6DCVhA8kUGy+aazFQ4kXQ7E1Ty7A3ypFOe0IcJV8O/M511G99AW24irKrW56Wt44yG9+ij8FaqoBGkuBXg==}

  anymatch@3.1.3:
    resolution: {integrity: sha512-KMReFUr0B4t+D+OBkjR3KYqvocp2XaSzO55UcB6mgQMd3KbcE+mWTyvVV7D/zsdEbNnV6acZUutkiHQXvTr1Rw==}
    engines: {node: '>= 8'}

  chokidar@4.0.3:
    resolution: {integrity: sha512-Qgzu8kfBvo+cA4962jnP1KkS6Dop5NS6g7R5LFYJr4b8Ub94PPQXUksCw9PvXoeXPRRddRNC5C1JQUR2SMGtnA==}
    engines: {node: '>= 14.16.0'}

  consola@3.4.2:
    resolution: {integrity: sha512-5IKcdX0nnYavi6G7TtOhwkYzyjfJlatbjMjuLSfE2kYT5pMDOilZ4OvMhi637CcDICTmz3wARPoyhqyX1Y+XvA==}
    engines: {node: ^14.18.0 || >=16.10.0}

  cookie-es@1.2.2:
    resolution: {integrity: sha512-+W7VmiVINB+ywl1HGXJXmrqkOhpKrIiVZV6tQuV54ZyQC7MMuBt81Vc336GMLoHBq5hV/F9eXgt5Mnx0Rha5Fg==}

  crossws@0.3.5:
    resolution: {integrity: sha512-ojKiDvcmByhwa8YYqbQI/hg7MEU0NC03+pSdEq4ZUnZR9xXpwk7E43SMNGkn+JxJGPFtNvQ48+vV2p+P1ml5PA==}

  data-uri-to-buffer@4.0.1:
    resolution: {integrity: sha512-0R9ikRb668HB7QDxT1vkpuUBtqc53YyAwMwGeUFKRojY/NWKvdZ+9UYtRfGmhqNbRkTSVpMbmyhXipFFv2cb/A==}
    engines: {node: '>= 12'}

  db0@0.3.2:
    resolution: {integrity: sha512-xzWNQ6jk/+NtdfLyXEipbX55dmDSeteLFt/ayF+wZUU5bzKgmrDOxmInUTbyVRp46YwnJdkDA1KhB7WIXFofJw==}
    peerDependencies:
      '@electric-sql/pglite': '*'
      '@libsql/client': '*'
      better-sqlite3: '*'
      drizzle-orm: '*'
      mysql2: '*'
      sqlite3: '*'
    peerDependenciesMeta:
      '@electric-sql/pglite':
        optional: true
      '@libsql/client':
        optional: true
      better-sqlite3:
        optional: true
      drizzle-orm:
        optional: true
      mysql2:
        optional: true
      sqlite3:
        optional: true

  defu@6.1.4:
    resolution: {integrity: sha512-mEQCMmwJu317oSz8CwdIOdwf3xMif1ttiM8LTufzc3g6kR+9Pe236twL8j3IYT1F7GfRgGcW6MWxzZjLIkuHIg==}

  destr@2.0.5:
    resolution: {integrity: sha512-ugFTXCtDZunbzasqBxrK93Ik/DRYsO6S/fedkWEMKqt04xZ4csmnmwGDBAb07QWNaGMAmnTIemsYZCksjATwsA==}

  detect-libc@2.0.2:
    resolution: {integrity: sha512-UX6sGumvvqSaXgdKGUsgZWqcUyIXZ/vZTrlRT/iobiKhGL0zL4d3osHj3uqllWJK+i+sixDS/3COVEOFbupFyw==}
    engines: {node: '>=8'}

  dotenv@16.6.1:
    resolution: {integrity: sha512-uBq4egWHTcTt33a72vpSG0z3HnPuIl6NqYcTrKEg2azoEyl2hpW0zqlxysq2pK9HlDIHyHyakeYaYnSAwd8bow==}
    engines: {node: '>=12'}

  fetch-blob@3.2.0:
    resolution: {integrity: sha512-7yAQpD2UMJzLi1Dqv7qFYnPbaPx7ZfFK6PiIxQ4PfkGPyNyl2Ugx+a/umUonmKqjhM4DnfbMvdX6otXq83soQQ==}
    engines: {node: ^12.20 || >= 14.13}

  formdata-polyfill@4.0.10:
    resolution: {integrity: sha512-buewHzMvYL29jdeQTVILecSaZKnt/RJWjoZCF5OW60Z67/GmSLBkOFM7qh1PI3zFNtJbaZL5eQu1vLfazOwj4g==}
    engines: {node: '>=12.20.0'}

  h3@1.15.3:
    resolution: {integrity: sha512-z6GknHqyX0h9aQaTx22VZDf6QyZn+0Nh+Ym8O/u0SGSkyF5cuTJYKlc8MkzW3Nzf9LE1ivcpmYC3FUGpywhuUQ==}

  iron-webcrypto@1.2.1:
    resolution: {integrity: sha512-feOM6FaSr6rEABp/eDfVseKyTMDt+KGpeB35SkVn9Tyn0CqvVsY3EwI0v5i8nMHyJnzCIQf7nsy3p41TPkJZhg==}

  jiti@2.4.2:
    resolution: {integrity: sha512-rg9zJN+G4n2nfJl5MW3BMygZX56zKPNVEYYqq7adpmMh4Jn2QNEwhvQlFy6jPVdcod7txZtKHWnyZiA3a0zP7A==}
    hasBin: true

  js-base64@3.7.7:
    resolution: {integrity: sha512-7rCnleh0z2CkXhH67J8K1Ytz0b2Y+yxTPL+/KOJoa20hfnVQ/3/T6W/KflYI4bRHRagNeXeU2bkNGI3v1oS/lw==}

  libsql@0.5.13:
    resolution: {integrity: sha512-5Bwoa/CqzgkTwySgqHA5TsaUDRrdLIbdM4egdPcaAnqO3aC+qAgS6BwdzuZwARA5digXwiskogZ8H7Yy4XfdOg==}
    cpu: [x64, arm64, wasm32, arm]
    os: [darwin, linux, win32]

  lru-cache@10.4.3:
    resolution: {integrity: sha512-JNAzZcXrCt42VGLuYz0zfAzDfAvJWW6AfYlDBQyDV5DClI2m5sAmK+OIO7s59XfsRsWHp02jAJrRadPRGTt6SQ==}

  node-domexception@1.0.0:
    resolution: {integrity: sha512-/jKZoMpw0F8GRwl4/eLROPA3cfcXtLApP0QzLmUT/HuPCZWyB7IY9ZrMeKw2O/nFIqPQB3PVM9aYm0F312AXDQ==}
    engines: {node: '>=10.5.0'}
    deprecated: Use your platform's native DOMException instead

  node-fetch-native@1.6.6:
    resolution: {integrity: sha512-8Mc2HhqPdlIfedsuZoc3yioPuzp6b+L5jRCRY1QzuWZh2EGJVQrGppC6V6cF0bLdbW0+O2YpqCA25aF/1lvipQ==}

  node-fetch@3.3.2:
    resolution: {integrity: sha512-dRB78srN/l6gqWulah9SrxeYnxeddIG30+GOqK/9OlLVyLg3HPnr6SqOWTWOXKRwC2eGYCkZ59NNuSgvSrpgOA==}
    engines: {node: ^12.20.0 || ^14.13.1 || >=16.0.0}

  node-mock-http@1.0.0:
    resolution: {integrity: sha512-0uGYQ1WQL1M5kKvGRXWQ3uZCHtLTO8hln3oBjIusM75WoesZ909uQJs/Hb946i2SS+Gsrhkaa6iAO17jRIv6DQ==}

  normalize-path@3.0.0:
    resolution: {integrity: sha512-6eZs5Ls3WtCisHWp9S2GUy8dqkpGi4BVSz3GaqiE6ezub0512ESztXUwUB6C6IKbQkY2Pnb/mD4WYojCRwcwLA==}
    engines: {node: '>=0.10.0'}

  ofetch@1.4.1:
    resolution: {integrity: sha512-QZj2DfGplQAr2oj9KzceK9Hwz6Whxazmn85yYeVuS3u9XTMOGMRx0kO95MQ+vLsj/S/NwBDMMLU5hpxvI6Tklw==}

  pathe@2.0.3:
    resolution: {integrity: sha512-WUjGcAqP1gQacoQe+OBJsFA7Ld4DyXuUIjZ5cc75cLHvJ7dtNsTugphxIADwspS+AraAUePCKrSVtPLFj/F88w==}

  picomatch@2.3.1:
    resolution: {integrity: sha512-JU3teHTNjmE2VCGFzuY8EXzCDVwEqB2a8fsIvwaStHhAWJEeVd1o1QD80CU6+ZdEXXSLbSsuLwJjkCBWqRQUVA==}
    engines: {node: '>=8.6'}

  promise-limit@2.7.0:
    resolution: {integrity: sha512-7nJ6v5lnJsXwGprnGXga4wx6d1POjvi5Qmf1ivTRxTjH4Z/9Czja/UCMLVmB9N93GeWOU93XaFaEt6jbuoagNw==}

  radix3@1.1.2:
    resolution: {integrity: sha512-b484I/7b8rDEdSDKckSSBA8knMpcdsXudlE/LNL639wFoHKwLbEkQFZHWEYwDC0wa0FKUcCY+GAF73Z7wxNVFA==}

  readdirp@4.1.2:
    resolution: {integrity: sha512-GDhwkLfywWL2s6vEjyhri+eXmfH6j1L7JE27WhqLeYzoh/A3DBaYGEj2H/HFZCn/kMfim73FXxEJTw06WtxQwg==}
    engines: {node: '>= 14.18.0'}

  typescript@5.8.3:
    resolution: {integrity: sha512-p1diW6TqL9L07nNxvRMM7hMMw4c5XOo/1ibL4aAIGmSAt9slTE1Xgw5KWuof2uTOvCg9BY7ZRi+GaF+7sfgPeQ==}
    engines: {node: '>=14.17'}
    hasBin: true

  ufo@1.6.1:
    resolution: {integrity: sha512-9a4/uxlTWJ4+a5i0ooc1rU7C7YOw3wT+UGqdeNNHWnOF9qcMBgLRS+4IYUqbczewFx4mLEig6gawh7X6mFlEkA==}

  uncrypto@0.1.3:
    resolution: {integrity: sha512-Ql87qFHB3s/De2ClA9e0gsnS6zXG27SkTiSJwjCc9MebbfapQfuPzumMIUMi38ezPZVNFcHI9sUIepeQfw8J8Q==}

  undici-types@6.21.0:
    resolution: {integrity: sha512-iwDZqg0QAGrg9Rav5H4n0M64c3mkR59cJ6wQp+7C4nI0gsmExaedaYLNO44eT4AtBBwjbTiGPMlt2Md0T9H9JQ==}

  unstorage@1.16.0:
    resolution: {integrity: sha512-WQ37/H5A7LcRPWfYOrDa1Ys02xAbpPJq6q5GkO88FBXVSQzHd7+BjEwfRqyaSWCv9MbsJy058GWjjPjcJ16GGA==}
    peerDependencies:
      '@azure/app-configuration': ^1.8.0
      '@azure/cosmos': ^4.2.0
      '@azure/data-tables': ^13.3.0
      '@azure/identity': ^4.6.0
      '@azure/keyvault-secrets': ^4.9.0
      '@azure/storage-blob': ^12.26.0
      '@capacitor/preferences': ^6.0.3 || ^7.0.0
      '@deno/kv': '>=0.9.0'
      '@netlify/blobs': ^6.5.0 || ^7.0.0 || ^8.1.0
      '@planetscale/database': ^1.19.0
      '@upstash/redis': ^1.34.3
      '@vercel/blob': '>=0.27.1'
      '@vercel/kv': ^1.0.1
      aws4fetch: ^1.0.20
      db0: '>=0.2.1'
      idb-keyval: ^6.2.1
      ioredis: ^5.4.2
      uploadthing: ^7.4.4
    peerDependenciesMeta:
      '@azure/app-configuration':
        optional: true
      '@azure/cosmos':
        optional: true
      '@azure/data-tables':
        optional: true
      '@azure/identity':
        optional: true
      '@azure/keyvault-secrets':
        optional: true
      '@azure/storage-blob':
        optional: true
      '@capacitor/preferences':
        optional: true
      '@deno/kv':
        optional: true
      '@netlify/blobs':
        optional: true
      '@planetscale/database':
        optional: true
      '@upstash/redis':
        optional: true
      '@vercel/blob':
        optional: true
      '@vercel/kv':
        optional: true
      aws4fetch:
        optional: true
      db0:
        optional: true
      idb-keyval:
        optional: true
      ioredis:
        optional: true
      uploadthing:
        optional: true

  web-streams-polyfill@3.3.3:
    resolution: {integrity: sha512-d2JWLCivmZYTSIoge9MsgFCZrt571BikcWGYkjC1khllbTeDlGqZ2D8vD8E/lJa8WGWbb7Plm8/XJYV7IJHZZw==}
    engines: {node: '>= 8'}

  ws@8.18.2:
    resolution: {integrity: sha512-DMricUmwGZUVr++AEAe2uiVM7UoO9MAVZMDu05UQOaUII0lp+zOzLLU4Xqh/JvTqklB1T4uELaaPBKyjE1r4fQ==}
    engines: {node: '>=10.0.0'}
    peerDependencies:
      bufferutil: ^4.0.1
      utf-8-validate: '>=5.0.2'
    peerDependenciesMeta:
      bufferutil:
        optional: true
      utf-8-validate:
        optional: true

  xxhash-wasm@1.1.0:
    resolution: {integrity: sha512-147y/6YNh+tlp6nd/2pWq38i9h6mz/EuQ6njIrmW8D1BS5nCqs0P6DG+m6zTGnNz5I+uhZ0SHxBs9BsPrwcKDA==}

snapshots:

  '@google/generative-ai@0.24.1': {}

  '@iarna/toml@2.2.5': {}

  '@libsql/client@0.15.9':
    dependencies:
      '@libsql/core': 0.15.9
      '@libsql/hrana-client': 0.7.0
      js-base64: 3.7.7
      libsql: 0.5.13
      promise-limit: 2.7.0
    transitivePeerDependencies:
      - bufferutil
      - utf-8-validate

  '@libsql/core@0.15.9':
    dependencies:
      js-base64: 3.7.7

  '@libsql/darwin-arm64@0.5.13':
    optional: true

  '@libsql/darwin-x64@0.5.13':
    optional: true

  '@libsql/hrana-client@0.7.0':
    dependencies:
      '@libsql/isomorphic-fetch': 0.3.1
      '@libsql/isomorphic-ws': 0.1.5
      js-base64: 3.7.7
      node-fetch: 3.3.2
    transitivePeerDependencies:
      - bufferutil
      - utf-8-validate

  '@libsql/isomorphic-fetch@0.3.1': {}

  '@libsql/isomorphic-ws@0.1.5':
    dependencies:
      '@types/ws': 8.18.1
      ws: 8.18.2
    transitivePeerDependencies:
      - bufferutil
      - utf-8-validate

  '@libsql/linux-arm-gnueabihf@0.5.13':
    optional: true

  '@libsql/linux-arm-musleabihf@0.5.13':
    optional: true

  '@libsql/linux-arm64-gnu@0.5.13':
    optional: true

  '@libsql/linux-arm64-musl@0.5.13':
    optional: true

  '@libsql/linux-x64-gnu@0.5.13':
    optional: true

  '@libsql/linux-x64-musl@0.5.13':
    optional: true

  '@libsql/win32-x64-msvc@0.5.13':
    optional: true

  '@neon-rs/load@0.0.4': {}

  '@types/node@22.15.31':
    dependencies:
      undici-types: 6.21.0

  '@types/ws@8.18.1':
    dependencies:
      '@types/node': 22.15.31

  anymatch@3.1.3:
    dependencies:
      normalize-path: 3.0.0
      picomatch: 2.3.1

  chokidar@4.0.3:
    dependencies:
      readdirp: 4.1.2

  consola@3.4.2: {}

  cookie-es@1.2.2: {}

  crossws@0.3.5:
    dependencies:
      uncrypto: 0.1.3

  data-uri-to-buffer@4.0.1: {}

  db0@0.3.2(@libsql/client@0.15.9):
    optionalDependencies:
      '@libsql/client': 0.15.9

  defu@6.1.4: {}

  destr@2.0.5: {}

  detect-libc@2.0.2: {}

  dotenv@16.6.1: {}

  fetch-blob@3.2.0:
    dependencies:
      node-domexception: 1.0.0
      web-streams-polyfill: 3.3.3

  formdata-polyfill@4.0.10:
    dependencies:
      fetch-blob: 3.2.0

  h3@1.15.3:
    dependencies:
      cookie-es: 1.2.2
      crossws: 0.3.5
      defu: 6.1.4
      destr: 2.0.5
      iron-webcrypto: 1.2.1
      node-mock-http: 1.0.0
      radix3: 1.1.2
      ufo: 1.6.1
      uncrypto: 0.1.3

  iron-webcrypto@1.2.1: {}

  jiti@2.4.2: {}

  js-base64@3.7.7: {}

  libsql@0.5.13:
    dependencies:
      '@neon-rs/load': 0.0.4
      detect-libc: 2.0.2
    optionalDependencies:
      '@libsql/darwin-arm64': 0.5.13
      '@libsql/darwin-x64': 0.5.13
      '@libsql/linux-arm-gnueabihf': 0.5.13
      '@libsql/linux-arm-musleabihf': 0.5.13
      '@libsql/linux-arm64-gnu': 0.5.13
      '@libsql/linux-arm64-musl': 0.5.13
      '@libsql/linux-x64-gnu': 0.5.13
      '@libsql/linux-x64-musl': 0.5.13
      '@libsql/win32-x64-msvc': 0.5.13

  lru-cache@10.4.3: {}

  node-domexception@1.0.0: {}

  node-fetch-native@1.6.6: {}

  node-fetch@3.3.2:
    dependencies:
      data-uri-to-buffer: 4.0.1
      fetch-blob: 3.2.0
      formdata-polyfill: 4.0.10

  node-mock-http@1.0.0: {}

  normalize-path@3.0.0: {}

  ofetch@1.4.1:
    dependencies:
      destr: 2.0.5
      node-fetch-native: 1.6.6
      ufo: 1.6.1

  pathe@2.0.3: {}

  picomatch@2.3.1: {}

  promise-limit@2.7.0: {}

  radix3@1.1.2: {}

  readdirp@4.1.2: {}

  typescript@5.8.3: {}

  ufo@1.6.1: {}

  uncrypto@0.1.3: {}

  undici-types@6.21.0: {}

  unstorage@1.16.0(db0@0.3.2(@libsql/client@0.15.9)):
    dependencies:
      anymatch: 3.1.3
      chokidar: 4.0.3
      destr: 2.0.5
      h3: 1.15.3
      lru-cache: 10.4.3
      node-fetch-native: 1.6.6
      ofetch: 1.4.1
      ufo: 1.6.1
    optionalDependencies:
      db0: 0.3.2(@libsql/client@0.15.9)

  web-streams-polyfill@3.3.3: {}

  ws@8.18.2: {}

  xxhash-wasm@1.1.0: {}
